
Microsoft Visual Studio Solution File, Format Version 12.00
# Visual Studio Version 17
VisualStudioVersion = 17.14.36301.6
MinimumVisualStudioVersion = 10.0.40219.1
Project("{FAE04EC0-301F-11D3-BF4B-00C04F79EFBC}") = "GroupP3_LPR381_Project", "GroupP3_LPR381_Project.csproj", "{5E4C8674-EBB8-464C-A0AD-C31717A8DB2A}"
EndProject
Global
	GlobalSection(SolutionConfigurationPlatforms) = preSolution
		Debug|Any CPU = Debug|Any CPU
		Release|Any CPU = Release|Any CPU
	EndGlobalSection
	GlobalSection(ProjectConfigurationPlatforms) = postSolution
		{5E4C8674-EBB8-464C-A0AD-C31717A8DB2A}.Debug|Any CPU.ActiveCfg = Debug|Any CPU
		{5E4C8674-EBB8-464C-A0AD-C31717A8DB2A}.Debug|Any CPU.Build.0 = Debug|Any CPU
		{5E4C8674-EBB8-464C-A0AD-C31717A8DB2A}.Release|Any CPU.ActiveCfg = Release|Any CPU
		{5E4C8674-EBB8-464C-A0AD-C31717A8DB2A}.Release|Any CPU.Build.0 = Release|Any CPU
	EndGlobalSection
	GlobalSection(SolutionProperties) = preSolution
		HideSolutionNode = FALSE
	EndGlobalSection
	GlobalSection(ExtensibilityGlobals) = postSolution
		SolutionGuid = {49A59959-E1E5-4407-B631-ED2BFAB6E336}
	EndGlobalSection
EndGlobal
